{
  "name": "hexo-theme-zhaoo",
  "version": "2.0.2",
  "lockfileVersion": 3,
  "requires": true,
  "packages": {
    "": {
      "name": "hexo-theme-zhaoo",
      "version": "2.0.2",
      "license": "MIT",
      "dependencies": {
        "hexo-theme-zhaoo": "file:"
      }
    },
    "node_modules/hexo-theme-zhaoo": {
      "resolved": "",
      "link": true
    }
  }
}
